# THIS IS AN AUTOGENERATED FILE. DO NOT EDIT THIS FILE DIRECTLY.
# yarn lockfile v1


dateformat@^4.4.1:
  version "4.4.1"
  resolved "https://registry.yarnpkg.com/dateformat/-/dateformat-4.4.1.tgz#c6b3b821588f36826735c346148424d7a39007c3"
  integrity sha512-3V9b/50QBYmFtd2c3cPOmdr2xNfnDphoBLxh/UVBoPIsylWkbUYGq3f4EQYuEaK7Mq4vcIpQCmOyJ37pqW/Uug==
